
Microsoft Visual Studio Solution File, Format Version 12.00
# Visual Studio Version 17
VisualStudioVersion = 17.0.32112.339
MinimumVisualStudioVersion = 10.0.40219.1
Project("{9A19103F-16F7-4668-BE54-9A1E7A4F7556}") = "HParrotFilterLib", "HParrotFilterLib\HParrotFilterLib.csproj", "{D3376E7A-6043-4140-AFAB-125D06F4E180}"
EndProject
Project("{9A19103F-16F7-4668-BE54-9A1E7A4F7556}") = "ParrotExe", "ParrotExe\ParrotExe.csproj", "{CA69C825-578B-4B9E-83CB-65788848E180}"
EndProject
Project("{9A19103F-16F7-4668-BE54-9A1E7A4F7556}") = "ParrotLive", "ParrotLive\ParrotLive.csproj", "{4CF27904-6D6D-4A52-9BAC-3D488CEE0CF8}"
	ProjectSection(ProjectDependencies) = postProject
		{D3376E7A-6043-4140-AFAB-125D06F4E180} = {D3376E7A-6043-4140-AFAB-125D06F4E180}
	EndProjectSection
EndProject
Global
	GlobalSection(SolutionConfigurationPlatforms) = preSolution
		Debug|Any CPU = Debug|Any CPU
		Release|Any CPU = Release|Any CPU
	EndGlobalSection
	GlobalSection(ProjectConfigurationPlatforms) = postSolution
		{D3376E7A-6043-4140-AFAB-125D06F4E180}.Debug|Any CPU.ActiveCfg = Debug|Any CPU
		{D3376E7A-6043-4140-AFAB-125D06F4E180}.Debug|Any CPU.Build.0 = Debug|Any CPU
		{D3376E7A-6043-4140-AFAB-125D06F4E180}.Release|Any CPU.ActiveCfg = Release|Any CPU
		{D3376E7A-6043-4140-AFAB-125D06F4E180}.Release|Any CPU.Build.0 = Release|Any CPU
		{CA69C825-578B-4B9E-83CB-65788848E180}.Debug|Any CPU.ActiveCfg = Debug|Any CPU
		{CA69C825-578B-4B9E-83CB-65788848E180}.Debug|Any CPU.Build.0 = Debug|Any CPU
		{CA69C825-578B-4B9E-83CB-65788848E180}.Release|Any CPU.ActiveCfg = Release|Any CPU
		{CA69C825-578B-4B9E-83CB-65788848E180}.Release|Any CPU.Build.0 = Release|Any CPU
		{4CF27904-6D6D-4A52-9BAC-3D488CEE0CF8}.Debug|Any CPU.ActiveCfg = Debug|Any CPU
		{4CF27904-6D6D-4A52-9BAC-3D488CEE0CF8}.Debug|Any CPU.Build.0 = Debug|Any CPU
		{4CF27904-6D6D-4A52-9BAC-3D488CEE0CF8}.Release|Any CPU.ActiveCfg = Release|Any CPU
		{4CF27904-6D6D-4A52-9BAC-3D488CEE0CF8}.Release|Any CPU.Build.0 = Release|Any CPU
	EndGlobalSection
	GlobalSection(SolutionProperties) = preSolution
		HideSolutionNode = FALSE
	EndGlobalSection
	GlobalSection(ExtensibilityGlobals) = postSolution
		SolutionGuid = {CB3AAA94-8474-48D7-8171-A9C327356004}
	EndGlobalSection
EndGlobal
